
Microsoft Visual Studio Solution File, Format Version 12.00
# Visual Studio Version 16
VisualStudioVersion = 16.0.32901.82
MinimumVisualStudioVersion = 10.0.40219.1
Project("{2150E333-8FDC-42A3-9474-1A3956D46DE8}") = "Services", "Services", "{2B0EE418-31C7-4235-8BC1-2B899C1EFAE6}"
EndProject
Project("{2150E333-8FDC-42A3-9474-1A3956D46DE8}") = "Catalog", "Catalog", "{F7C21F15-E97B-41A4-BDDC-4E2362D741A6}"
EndProject
Project("{9A19103F-16F7-4668-BE54-9A1E7A4F7556}") = "Catalog.API", "Services\Catalog\Catalog.API\Catalog.API.csproj", "{918FC792-4635-4B86-B1AC-B332D1137AB8}"
EndProject
Project("{E53339B2-1760-4266-BCC7-CA923CBCF16C}") = "docker-compose", "docker-compose.dcproj", "{ED71AAED-CF7E-4B6B-9A4A-5E21B8A5C83C}"
EndProject
Project("{2150E333-8FDC-42A3-9474-1A3956D46DE8}") = "Basket", "Basket", "{8AF8D5FB-094F-43B0-A192-F76333F2A0C9}"
EndProject
Project("{9A19103F-16F7-4668-BE54-9A1E7A4F7556}") = "Basket.API", "Services\Basket\Basket.API\Basket.API.csproj", "{3868E1E3-A0DC-4EC3-915D-9189AFCDED7A}"
EndProject
Project("{2150E333-8FDC-42A3-9474-1A3956D46DE8}") = "Discount", "Discount", "{8908D80E-0071-4C06-92E1-A49B730973CB}"
EndProject
Project("{FAE04EC0-301F-11D3-BF4B-00C04F79EFBC}") = "Discount.API", "Services\Discount\Discount.API\Discount.API.csproj", "{FDDFF777-B529-4064-83DF-5E1E2F2502D0}"
EndProject
Global
	GlobalSection(SolutionConfigurationPlatforms) = preSolution
		Debug|Any CPU = Debug|Any CPU
		Release|Any CPU = Release|Any CPU
	EndGlobalSection
	GlobalSection(ProjectConfigurationPlatforms) = postSolution
		{918FC792-4635-4B86-B1AC-B332D1137AB8}.Debug|Any CPU.ActiveCfg = Debug|Any CPU
		{918FC792-4635-4B86-B1AC-B332D1137AB8}.Debug|Any CPU.Build.0 = Debug|Any CPU
		{918FC792-4635-4B86-B1AC-B332D1137AB8}.Release|Any CPU.ActiveCfg = Release|Any CPU
		{918FC792-4635-4B86-B1AC-B332D1137AB8}.Release|Any CPU.Build.0 = Release|Any CPU
		{ED71AAED-CF7E-4B6B-9A4A-5E21B8A5C83C}.Debug|Any CPU.ActiveCfg = Debug|Any CPU
		{ED71AAED-CF7E-4B6B-9A4A-5E21B8A5C83C}.Debug|Any CPU.Build.0 = Debug|Any CPU
		{ED71AAED-CF7E-4B6B-9A4A-5E21B8A5C83C}.Release|Any CPU.ActiveCfg = Release|Any CPU
		{ED71AAED-CF7E-4B6B-9A4A-5E21B8A5C83C}.Release|Any CPU.Build.0 = Release|Any CPU
		{3868E1E3-A0DC-4EC3-915D-9189AFCDED7A}.Debug|Any CPU.ActiveCfg = Debug|Any CPU
		{3868E1E3-A0DC-4EC3-915D-9189AFCDED7A}.Debug|Any CPU.Build.0 = Debug|Any CPU
		{3868E1E3-A0DC-4EC3-915D-9189AFCDED7A}.Release|Any CPU.ActiveCfg = Release|Any CPU
		{3868E1E3-A0DC-4EC3-915D-9189AFCDED7A}.Release|Any CPU.Build.0 = Release|Any CPU
		{FDDFF777-B529-4064-83DF-5E1E2F2502D0}.Debug|Any CPU.ActiveCfg = Debug|Any CPU
		{FDDFF777-B529-4064-83DF-5E1E2F2502D0}.Debug|Any CPU.Build.0 = Debug|Any CPU
		{FDDFF777-B529-4064-83DF-5E1E2F2502D0}.Release|Any CPU.ActiveCfg = Release|Any CPU
		{FDDFF777-B529-4064-83DF-5E1E2F2502D0}.Release|Any CPU.Build.0 = Release|Any CPU
	EndGlobalSection
	GlobalSection(SolutionProperties) = preSolution
		HideSolutionNode = FALSE
	EndGlobalSection
	GlobalSection(NestedProjects) = preSolution
		{F7C21F15-E97B-41A4-BDDC-4E2362D741A6} = {2B0EE418-31C7-4235-8BC1-2B899C1EFAE6}
		{918FC792-4635-4B86-B1AC-B332D1137AB8} = {F7C21F15-E97B-41A4-BDDC-4E2362D741A6}
		{8AF8D5FB-094F-43B0-A192-F76333F2A0C9} = {2B0EE418-31C7-4235-8BC1-2B899C1EFAE6}
		{3868E1E3-A0DC-4EC3-915D-9189AFCDED7A} = {8AF8D5FB-094F-43B0-A192-F76333F2A0C9}
		{8908D80E-0071-4C06-92E1-A49B730973CB} = {2B0EE418-31C7-4235-8BC1-2B899C1EFAE6}
		{FDDFF777-B529-4064-83DF-5E1E2F2502D0} = {8908D80E-0071-4C06-92E1-A49B730973CB}
	EndGlobalSection
	GlobalSection(ExtensibilityGlobals) = postSolution
		SolutionGuid = {B7D52BF9-668D-44D7-B4BE-6E454DC2AE2C}
	EndGlobalSection
EndGlobal
